// !$*UTF8*$!
{
	archiveVersion = 1;
	classes = {
	};
	objectVersion = 50;
	objects = {

/* Begin PBXBuildFile section */
		F73DDABB23445D8600387C02 /* AppDelegate.swift in Sources */ = {isa = PBXBuildFile; fileRef = F73DDABA23445D8600387C02 /* AppDelegate.swift */; };
		F73DDABD23445D8600387C02 /* ViewController.swift in Sources */ = {isa = PBXBuildFile; fileRef = F73DDABC23445D8600387C02 /* ViewController.swift */; };
		F73DDAC023445D8600387C02 /* Main.storyboard in Resources */ = {isa = PBXBuildFile; fileRef = F73DDABE23445D8600387C02 /* Main.storyboard */; };
		F73DDAC223445D8700387C02 /* Assets.xcassets in Resources */ = {isa = PBXBuildFile; fileRef = F73DDAC123445D8700387C02 /* Assets.xcassets */; };
		F73DDAC523445D8700387C02 /* LaunchScreen.storyboard in Resources */ = {isa = PBXBuildFile; fileRef = F73DDAC323445D8700387C02 /* LaunchScreen.storyboard */; };
		F73DDAD023445D8700387C02 /* ex02Tests.swift in Sources */ = {isa = PBXBuildFile; fileRef = F73DDACF23445D8700387C02 /* ex02Tests.swift */; };
		F73DDADB23445D8700387C02 /* ex02UITests.swift in Sources */ = {isa = PBXBuildFile; fileRef = F73DDADA23445D8700387C02 /* ex02UITests.swift */; };
		F73DDAEA2344714D00387C02 /* Emitter.swift in Sources */ = {isa = PBXBuildFile; fileRef = F73DDAE92344714D00387C02 /* Emitter.swift */; };
/* End PBXBuildFile section */

/* Begin PBXContainerItemProxy section */
		F73DDACC23445D8700387C02 /* PBXContainerItemProxy */ = {
			isa = PBXContainerItemProxy;
			containerPortal = F73DDAAF23445D8600387C02 /* Project object */;
			proxyType = 1;
			remoteGlobalIDString = F73DDAB623445D8600387C02;
			remoteInfo = ex02;
		};
		F73DDAD723445D8700387C02 /* PBXContainerItemProxy */ = {
			isa = PBXContainerItemProxy;
			containerPortal = F73DDAAF23445D8600387C02 /* Project object */;
			proxyType = 1;
			remoteGlobalIDString = F73DDAB623445D8600387C02;
			remoteInfo = ex02;
		};
/* End PBXContainerItemProxy section */

/* Begin PBXFileReference section */
		F73DDAB723445D8600387C02 /* ex02.app */ = {isa = PBXFileReference; explicitFileType = wrapper.application; includeInIndex = 0; path = ex02.app; sourceTree = BUILT_PRODUCTS_DIR; };
		F73DDABA23445D8600387C02 /* AppDelegate.swift */ = {isa = PBXFileReference; lastKnownFileType = sourcecode.swift; path = AppDelegate.swift; sourceTree = "<group>"; };
		F73DDABC23445D8600387C02 /* ViewController.swift */ = {isa = PBXFileReference; lastKnownFileType = sourcecode.swift; path = ViewController.swift; sourceTree = "<group>"; };
		F73DDABF23445D8600387C02 /* Base */ = {isa = PBXFileReference; lastKnownFileType = file.storyboard; name = Base; path = Base.lproj/Main.storyboard; sourceTree = "<group>"; };
		F73DDAC123445D8700387C02 /* Assets.xcassets */ = {isa = PBXFileReference; lastKnownFileType = folder.assetcatalog; path = Assets.xcassets; sourceTree = "<group>"; };
		F73DDAC423445D8700387C02 /* Base */ = {isa = PBXFileReference; lastKnownFileType = file.storyboard; name = Base; path = Base.lproj/LaunchScreen.storyboard; sourceTree = "<group>"; };
		F73DDAC623445D8700387C02 /* Info.plist */ = {isa = PBXFileReference; lastKnownFileType = text.plist.xml; path = Info.plist; sourceTree = "<group>"; };
		F73DDACB23445D8700387C02 /* ex02Tests.xctest */ = {isa = PBXFileReference; explicitFileType = wrapper.cfbundle; includeInIndex = 0; path = ex02Tests.xctest; sourceTree = BUILT_PRODUCTS_DIR; };
		F73DDACF23445D8700387C02 /* ex02Tests.swift */ = {isa = PBXFileReference; lastKnownFileType = sourcecode.swift; path = ex02Tests.swift; sourceTree = "<group>"; };
		F73DDAD123445D8700387C02 /* Info.plist */ = {isa = PBXFileReference; lastKnownFileType = text.plist.xml; path = Info.plist; sourceTree = "<group>"; };
		F73DDAD623445D8700387C02 /* ex02UITests.xctest */ = {isa = PBXFileReference; explicitFileType = wrapper.cfbundle; includeInIndex = 0; path = ex02UITests.xctest; sourceTree = BUILT_PRODUCTS_DIR; };
		F73DDADA23445D8700387C02 /* ex02UITests.swift */ = {isa = PBXFileReference; lastKnownFileType = sourcecode.swift; path = ex02UITests.swift; sourceTree = "<group>"; };
		F73DDADC23445D8700387C02 /* Info.plist */ = {isa = PBXFileReference; lastKnownFileType = text.plist.xml; path = Info.plist; sourceTree = "<group>"; };
		F73DDAE92344714D00387C02 /* Emitter.swift */ = {isa = PBXFileReference; lastKnownFileType = sourcecode.swift; path = Emitter.swift; sourceTree = "<group>"; };
/* End PBXFileReference section */

/* Begin PBXFrameworksBuildPhase section */
		F73DDAB423445D8600387C02 /* Frameworks */ = {
			isa = PBXFrameworksBuildPhase;
			buildActionMask = 2147483647;
			files = (
			);
			runOnlyForDeploymentPostprocessing = 0;
		};
		F73DDAC823445D8700387C02 /* Frameworks */ = {
			isa = PBXFrameworksBuildPhase;
			buildActionMask = 2147483647;
			files = (
			);
			runOnlyForDeploymentPostprocessing = 0;
		};
		F73DDAD323445D8700387C02 /* Frameworks */ = {
			isa = PBXFrameworksBuildPhase;
			buildActionMask = 2147483647;
			files = (
			);
			runOnlyForDeploymentPostprocessing = 0;
		};
/* End PBXFrameworksBuildPhase section */

/* Begin PBXGroup section */
		F73DDAAE23445D8600387C02 = {
			isa = PBXGroup;
			children = (
				F73DDAB923445D8600387C02 /* ex02 */,
				F73DDACE23445D8700387C02 /* ex02Tests */,
				F73DDAD923445D8700387C02 /* ex02UITests */,
				F73DDAB823445D8600387C02 /* Products */,
			);
			sourceTree = "<group>";
		};
		F73DDAB823445D8600387C02 /* Products */ = {
			isa = PBXGroup;
			children = (
				F73DDAB723445D8600387C02 /* ex02.app */,
				F73DDACB23445D8700387C02 /* ex02Tests.xctest */,
				F73DDAD623445D8700387C02 /* ex02UITests.xctest */,
			);
			name = Products;
			sourceTree = "<group>";
		};
		F73DDAB923445D8600387C02 /* ex02 */ = {
			isa = PBXGroup;
			children = (
				F73DDABA23445D8600387C02 /* AppDelegate.swift */,
				F73DDABC23445D8600387C02 /* ViewController.swift */,
				F73DDABE23445D8600387C02 /* Main.storyboard */,
				F73DDAC123445D8700387C02 /* Assets.xcassets */,
				F73DDAE82344712200387C02 /* Extras */,
				F73DDAC323445D8700387C02 /* LaunchScreen.storyboard */,
				F73DDAC623445D8700387C02 /* Info.plist */,
			);
			path = ex02;
			sourceTree = "<group>";
		};
		F73DDACE23445D8700387C02 /* ex02Tests */ = {
			isa = PBXGroup;
			children = (
				F73DDACF23445D8700387C02 /* ex02Tests.swift */,
				F73DDAD123445D8700387C02 /* Info.plist */,
			);
			path = ex02Tests;
			sourceTree = "<group>";
		};
		F73DDAD923445D8700387C02 /* ex02UITests */ = {
			isa = PBXGroup;
			children = (
				F73DDADA23445D8700387C02 /* ex02UITests.swift */,
				F73DDADC23445D8700387C02 /* Info.plist */,
			);
			path = ex02UITests;
			sourceTree = "<group>";
		};
		F73DDAE82344712200387C02 /* Extras */ = {
			isa = PBXGroup;
			children = (
				F73DDAE92344714D00387C02 /* Emitter.swift */,
			);
			path = Extras;
			sourceTree = "<group>";
		};
/* End PBXGroup section */

/* Begin PBXNativeTarget section */
		F73DDAB623445D8600387C02 /* ex02 */ = {
			isa = PBXNativeTarget;
			buildConfigurationList = F73DDADF23445D8700387C02 /* Build configuration list for PBXNativeTarget "ex02" */;
			buildPhases = (
				F73DDAB323445D8600387C02 /* Sources */,
				F73DDAB423445D8600387C02 /* Frameworks */,
				F73DDAB523445D8600387C02 /* Resources */,
			);
			buildRules = (
			);
			dependencies = (
			);
			name = ex02;
			productName = ex02;
			productReference = F73DDAB723445D8600387C02 /* ex02.app */;
			productType = "com.apple.product-type.application";
		};
		F73DDACA23445D8700387C02 /* ex02Tests */ = {
			isa = PBXNativeTarget;
			buildConfigurationList = F73DDAE223445D8700387C02 /* Build configuration list for PBXNativeTarget "ex02Tests" */;
			buildPhases = (
				F73DDAC723445D8700387C02 /* Sources */,
				F73DDAC823445D8700387C02 /* Frameworks */,
				F73DDAC923445D8700387C02 /* Resources */,
			);
			buildRules = (
			);
			dependencies = (
				F73DDACD23445D8700387C02 /* PBXTargetDependency */,
			);
			name = ex02Tests;
			productName = ex02Tests;
			productReference = F73DDACB23445D8700387C02 /* ex02Tests.xctest */;
			productType = "com.apple.product-type.bundle.unit-test";
		};
		F73DDAD523445D8700387C02 /* ex02UITests */ = {
			isa = PBXNativeTarget;
			buildConfigurationList = F73DDAE523445D8700387C02 /* Build configuration list for PBXNativeTarget "ex02UITests" */;
			buildPhases = (
				F73DDAD223445D8700387C02 /* Sources */,
				F73DDAD323445D8700387C02 /* Frameworks */,
				F73DDAD423445D8700387C02 /* Resources */,
			);
			buildRules = (
			);
			dependencies = (
				F73DDAD823445D8700387C02 /* PBXTargetDependency */,
			);
			name = ex02UITests;
			productName = ex02UITests;
			productReference = F73DDAD623445D8700387C02 /* ex02UITests.xctest */;
			productType = "com.apple.product-type.bundle.ui-testing";
		};
/* End PBXNativeTarget section */

/* Begin PBXProject section */
		F73DDAAF23445D8600387C02 /* Project object */ = {
			isa = PBXProject;
			attributes = {
				LastSwiftUpdateCheck = 0940;
				LastUpgradeCheck = 0940;
				ORGANIZATIONNAME = XcodePiscine;
				TargetAttributes = {
					F73DDAB623445D8600387C02 = {
						CreatedOnToolsVersion = 9.4.1;
					};
					F73DDACA23445D8700387C02 = {
						CreatedOnToolsVersion = 9.4.1;
						TestTargetID = F73DDAB623445D8600387C02;
					};
					F73DDAD523445D8700387C02 = {
						CreatedOnToolsVersion = 9.4.1;
						TestTargetID = F73DDAB623445D8600387C02;
					};
				};
			};
			buildConfigurationList = F73DDAB223445D8600387C02 /* Build configuration list for PBXProject "ex02" */;
			compatibilityVersion = "Xcode 9.3";
			developmentRegion = en;
			hasScannedForEncodings = 0;
			knownRegions = (
				en,
				Base,
			);
			mainGroup = F73DDAAE23445D8600387C02;
			productRefGroup = F73DDAB823445D8600387C02 /* Products */;
			projectDirPath = "";
			projectRoot = "";
			targets = (
				F73DDAB623445D8600387C02 /* ex02 */,
				F73DDACA23445D8700387C02 /* ex02Tests */,
				F73DDAD523445D8700387C02 /* ex02UITests */,
			);
		};
/* End PBXProject section */

/* Begin PBXResourcesBuildPhase section */
		F73DDAB523445D8600387C02 /* Resources */ = {
			isa = PBXResourcesBuildPhase;
			buildActionMask = 2147483647;
			files = (
				F73DDAC523445D8700387C02 /* LaunchScreen.storyboard in Resources */,
				F73DDAC223445D8700387C02 /* Assets.xcassets in Resources */,
				F73DDAC023445D8600387C02 /* Main.storyboard in Resources */,
			);
			runOnlyForDeploymentPostprocessing = 0;
		};
		F73DDAC923445D8700387C02 /* Resources */ = {
			isa = PBXResourcesBuildPhase;
			buildActionMask = 2147483647;
			files = (
			);
			runOnlyForDeploymentPostprocessing = 0;
		};
		F73DDAD423445D8700387C02 /* Resources */ = {
			isa = PBXResourcesBuildPhase;
			buildActionMask = 2147483647;
			files = (
			);
			runOnlyForDeploymentPostprocessing = 0;
		};
/* End PBXResourcesBuildPhase section */

/* Begin PBXSourcesBuildPhase section */
		F73DDAB323445D8600387C02 /* Sources */ = {
			isa = PBXSourcesBuildPhase;
			buildActionMask = 2147483647;
			files = (
				F73DDABD23445D8600387C02 /* ViewController.swift in Sources */,
				F73DDABB23445D8600387C02 /* AppDelegate.swift in Sources */,
				F73DDAEA2344714D00387C02 /* Emitter.swift in Sources */,
			);
			runOnlyForDeploymentPostprocessing = 0;
		};
		F73DDAC723445D8700387C02 /* Sources */ = {
			isa = PBXSourcesBuildPhase;
			buildActionMask = 2147483647;
			files = (
				F73DDAD023445D8700387C02 /* ex02Tests.swift in Sources */,
			);
			runOnlyForDeploymentPostprocessing = 0;
		};
		F73DDAD223445D8700387C02 /* Sources */ = {
			isa = PBXSourcesBuildPhase;
			buildActionMask = 2147483647;
			files = (
				F73DDADB23445D8700387C02 /* ex02UITests.swift in Sources */,
			);
			runOnlyForDeploymentPostprocessing = 0;
		};
/* End PBXSourcesBuildPhase section */

/* Begin PBXTargetDependency section */
		F73DDACD23445D8700387C02 /* PBXTargetDependency */ = {
			isa = PBXTargetDependency;
			target = F73DDAB623445D8600387C02 /* ex02 */;
			targetProxy = F73DDACC23445D8700387C02 /* PBXContainerItemProxy */;
		};
		F73DDAD823445D8700387C02 /* PBXTargetDependency */ = {
			isa = PBXTargetDependency;
			target = F73DDAB623445D8600387C02 /* ex02 */;
			targetProxy = F73DDAD723445D8700387C02 /* PBXContainerItemProxy */;
		};
/* End PBXTargetDependency section */

/* Begin PBXVariantGroup section */
		F73DDABE23445D8600387C02 /* Main.storyboard */ = {
			isa = PBXVariantGroup;
			children = (
				F73DDABF23445D8600387C02 /* Base */,
			);
			name = Main.storyboard;
			sourceTree = "<group>";
		};
		F73DDAC323445D8700387C02 /* LaunchScreen.storyboard */ = {
			isa = PBXVariantGroup;
			children = (
				F73DDAC423445D8700387C02 /* Base */,
			);
			name = LaunchScreen.storyboard;
			sourceTree = "<group>";
		};
/* End PBXVariantGroup section */

/* Begin XCBuildConfiguration section */
		F73DDADD23445D8700387C02 /* Debug */ = {
			isa = XCBuildConfiguration;
			buildSettings = {
				ALWAYS_SEARCH_USER_PATHS = NO;
				CLANG_ANALYZER_NONNULL = YES;
				CLANG_ANALYZER_NUMBER_OBJECT_CONVERSION = YES_AGGRESSIVE;
				CLANG_CXX_LANGUAGE_STANDARD = "gnu++14";
				CLANG_CXX_LIBRARY = "libc++";
				CLANG_ENABLE_MODULES = YES;
				CLANG_ENABLE_OBJC_ARC = YES;
				CLANG_ENABLE_OBJC_WEAK = YES;
				CLANG_WARN_BLOCK_CAPTURE_AUTORELEASING = YES;
				CLANG_WARN_BOOL_CONVERSION = YES;
				CLANG_WARN_COMMA = YES;
				CLANG_WARN_CONSTANT_CONVERSION = YES;
				CLANG_WARN_DEPRECATED_OBJC_IMPLEMENTATIONS = YES;
				CLANG_WARN_DIRECT_OBJC_ISA_USAGE = YES_ERROR;
				CLANG_WARN_DOCUMENTATION_COMMENTS = YES;
				CLANG_WARN_EMPTY_BODY = YES;
				CLANG_WARN_ENUM_CONVERSION = YES;
				CLANG_WARN_INFINITE_RECURSION = YES;
				CLANG_WARN_INT_CONVERSION = YES;
				CLANG_WARN_NON_LITERAL_NULL_CONVERSION = YES;
				CLANG_WARN_OBJC_IMPLICIT_RETAIN_SELF = YES;
				CLANG_WARN_OBJC_LITERAL_CONVERSION = YES;
				CLANG_WARN_OBJC_ROOT_CLASS = YES_ERROR;
				CLANG_WARN_RANGE_LOOP_ANALYSIS = YES;
				CLANG_WARN_STRICT_PROTOTYPES = YES;
				CLANG_WARN_SUSPICIOUS_MOVE = YES;
				CLANG_WARN_UNGUARDED_AVAILABILITY = YES_AGGRESSIVE;
				CLANG_WARN_UNREACHABLE_CODE = YES;
				CLANG_WARN__DUPLICATE_METHOD_MATCH = YES;
				CODE_SIGN_IDENTITY = "iPhone Developer";
				COPY_PHASE_STRIP = NO;
				DEBUG_INFORMATION_FORMAT = dwarf;
				ENABLE_STRICT_OBJC_MSGSEND = YES;
				ENABLE_TESTABILITY = YES;
				GCC_C_LANGUAGE_STANDARD = gnu11;
				GCC_DYNAMIC_NO_PIC = NO;
				GCC_NO_COMMON_BLOCKS = YES;
				GCC_OPTIMIZATION_LEVEL = 0;
				GCC_PREPROCESSOR_DEFINITIONS = (
					"DEBUG=1",
					"$(inherited)",
				);
				GCC_WARN_64_TO_32_BIT_CONVERSION = YES;
				GCC_WARN_ABOUT_RETURN_TYPE = YES_ERROR;
				GCC_WARN_UNDECLARED_SELECTOR = YES;
				GCC_WARN_UNINITIALIZED_AUTOS = YES_AGGRESSIVE;
				GCC_WARN_UNUSED_FUNCTION = YES;
				GCC_WARN_UNUSED_VARIABLE = YES;
				IPHONEOS_DEPLOYMENT_TARGET = 11.4;
				MTL_ENABLE_DEBUG_INFO = YES;
				ONLY_ACTIVE_ARCH = YES;
				SDKROOT = iphoneos;
				SWIFT_ACTIVE_COMPILATION_CONDITIONS = DEBUG;
				SWIFT_OPTIMIZATION_LEVEL = "-Onone";
			};
			name = Debug;
		};
		F73DDADE23445D8700387C02 /* Release */ = {
			isa = XCBuildConfiguration;
			buildSettings = {
				ALWAYS_SEARCH_USER_PATHS = NO;
				CLANG_ANALYZER_NONNULL = YES;
				CLANG_ANALYZER_NUMBER_OBJECT_CONVERSION = YES_AGGRESSIVE;
				CLANG_CXX_LANGUAGE_STANDARD = "gnu++14";
				CLANG_CXX_LIBRARY = "libc++";
				CLANG_ENABLE_MODULES = YES;
				CLANG_ENABLE_OBJC_ARC = YES;
				CLANG_ENABLE_OBJC_WEAK = YES;
				CLANG_WARN_BLOCK_CAPTURE_AUTORELEASING = YES;
				CLANG_WARN_BOOL_CONVERSION = YES;
				CLANG_WARN_COMMA = YES;
				CLANG_WARN_CONSTANT_CONVERSION = YES;
				CLANG_WARN_DEPRECATED_OBJC_IMPLEMENTATIONS = YES;
				CLANG_WARN_DIRECT_OBJC_ISA_USAGE = YES_ERROR;
				CLANG_WARN_DOCUMENTATION_COMMENTS = YES;
				CLANG_WARN_EMPTY_BODY = YES;
				CLANG_WARN_ENUM_CONVERSION = YES;
				CLANG_WARN_INFINITE_RECURSION = YES;
				CLANG_WARN_INT_CONVERSION = YES;
				CLANG_WARN_NON_LITERAL_NULL_CONVERSION = YES;
				CLANG_WARN_OBJC_IMPLICIT_RETAIN_SELF = YES;
				CLANG_WARN_OBJC_LITERAL_CONVERSION = YES;
				CLANG_WARN_OBJC_ROOT_CLASS = YES_ERROR;
				CLANG_WARN_RANGE_LOOP_ANALYSIS = YES;
				CLANG_WARN_STRICT_PROTOTYPES = YES;
				CLANG_WARN_SUSPICIOUS_MOVE = YES;
				CLANG_WARN_UNGUARDED_AVAILABILITY = YES_AGGRESSIVE;
				CLANG_WARN_UNREACHABLE_CODE = YES;
				CLANG_WARN__DUPLICATE_METHOD_MATCH = YES;
				CODE_SIGN_IDENTITY = "iPhone Developer";
				COPY_PHASE_STRIP = NO;
				DEBUG_INFORMATION_FORMAT = "dwarf-with-dsym";
				ENABLE_NS_ASSERTIONS = NO;
				ENABLE_STRICT_OBJC_MSGSEND = YES;
				GCC_C_LANGUAGE_STANDARD = gnu11;
				GCC_NO_COMMON_BLOCKS = YES;
				GCC_WARN_64_TO_32_BIT_CONVERSION = YES;
				GCC_WARN_ABOUT_RETURN_TYPE = YES_ERROR;
				GCC_WARN_UNDECLARED_SELECTOR = YES;
				GCC_WARN_UNINITIALIZED_AUTOS = YES_AGGRESSIVE;
				GCC_WARN_UNUSED_FUNCTION = YES;
				GCC_WARN_UNUSED_VARIABLE = YES;
				IPHONEOS_DEPLOYMENT_TARGET = 11.4;
				MTL_ENABLE_DEBUG_INFO = NO;
				SDKROOT = iphoneos;
				SWIFT_COMPILATION_MODE = wholemodule;
				SWIFT_OPTIMIZATION_LEVEL = "-O";
				VALIDATE_PRODUCT = YES;
			};
			name = Release;
		};
		F73DDAE023445D8700387C02 /* Debug */ = {
			isa = XCBuildConfiguration;
			buildSettings = {
				ASSETCATALOG_COMPILER_APPICON_NAME = AppIcon;
				CODE_SIGN_STYLE = Automatic;
				INFOPLIST_FILE = ex02/Info.plist;
				LD_RUNPATH_SEARCH_PATHS = (
					"$(inherited)",
					"@executable_path/Frameworks",
				);
				PRODUCT_BUNDLE_IDENTIFIER = com.XcodePiscine.ex02;
				PRODUCT_NAME = "$(TARGET_NAME)";
				SWIFT_VERSION = 4.0;
				TARGETED_DEVICE_FAMILY = "1,2";
			};
			name = Debug;
		};
		F73DDAE123445D8700387C02 /* Release */ = {
			isa = XCBuildConfiguration;
			buildSettings = {
				ASSETCATALOG_COMPILER_APPICON_NAME = AppIcon;
				CODE_SIGN_STYLE = Automatic;
				INFOPLIST_FILE = ex02/Info.plist;
				LD_RUNPATH_SEARCH_PATHS = (
					"$(inherited)",
					"@executable_path/Frameworks",
				);
				PRODUCT_BUNDLE_IDENTIFIER = com.XcodePiscine.ex02;
				PRODUCT_NAME = "$(TARGET_NAME)";
				SWIFT_VERSION = 4.0;
				TARGETED_DEVICE_FAMILY = "1,2";
			};
			name = Release;
		};
		F73DDAE323445D8700387C02 /* Debug */ = {
			isa = XCBuildConfiguration;
			buildSettings = {
				ALWAYS_EMBED_SWIFT_STANDARD_LIBRARIES = YES;
				BUNDLE_LOADER = "$(TEST_HOST)";
				CODE_SIGN_STYLE = Automatic;
				INFOPLIST_FILE = ex02Tests/Info.plist;
				LD_RUNPATH_SEARCH_PATHS = (
					"$(inherited)",
					"@executable_path/Frameworks",
					"@loader_path/Frameworks",
				);
				PRODUCT_BUNDLE_IDENTIFIER = com.XcodePiscine.ex02Tests;
				PRODUCT_NAME = "$(TARGET_NAME)";
				SWIFT_VERSION = 4.0;
				TARGETED_DEVICE_FAMILY = "1,2";
				TEST_HOST = "$(BUILT_PRODUCTS_DIR)/ex02.app/ex02";
			};
			name = Debug;
		};
		F73DDAE423445D8700387C02 /* Release */ = {
			isa = XCBuildConfiguration;
			buildSettings = {
				ALWAYS_EMBED_SWIFT_STANDARD_LIBRARIES = YES;
				BUNDLE_LOADER = "$(TEST_HOST)";
				CODE_SIGN_STYLE = Automatic;
				INFOPLIST_FILE = ex02Tests/Info.plist;
				LD_RUNPATH_SEARCH_PATHS = (
					"$(inherited)",
					"@executable_path/Frameworks",
					"@loader_path/Frameworks",
				);
				PRODUCT_BUNDLE_IDENTIFIER = com.XcodePiscine.ex02Tests;
				PRODUCT_NAME = "$(TARGET_NAME)";
				SWIFT_VERSION = 4.0;
				TARGETED_DEVICE_FAMILY = "1,2";
				TEST_HOST = "$(BUILT_PRODUCTS_DIR)/ex02.app/ex02";
			};
			name = Release;
		};
		F73DDAE623445D8700387C02 /* Debug */ = {
			isa = XCBuildConfiguration;
			buildSettings = {
				ALWAYS_EMBED_SWIFT_STANDARD_LIBRARIES = YES;
				CODE_SIGN_STYLE = Automatic;
				INFOPLIST_FILE = ex02UITests/Info.plist;
				LD_RUNPATH_SEARCH_PATHS = (
					"$(inherited)",
					"@executable_path/Frameworks",
					"@loader_path/Frameworks",
				);
				PRODUCT_BUNDLE_IDENTIFIER = com.XcodePiscine.ex02UITests;
				PRODUCT_NAME = "$(TARGET_NAME)";
				SWIFT_VERSION = 4.0;
				TARGETED_DEVICE_FAMILY = "1,2";
				TEST_TARGET_NAME = ex02;
			};
			name = Debug;
		};
		F73DDAE723445D8700387C02 /* Release */ = {
			isa = XCBuildConfiguration;
			buildSettings = {
				ALWAYS_EMBED_SWIFT_STANDARD_LIBRARIES = YES;
				CODE_SIGN_STYLE = Automatic;
				INFOPLIST_FILE = ex02UITests/Info.plist;
				LD_RUNPATH_SEARCH_PATHS = (
					"$(inherited)",
					"@executable_path/Frameworks",
					"@loader_path/Frameworks",
				);
				PRODUCT_BUNDLE_IDENTIFIER = com.XcodePiscine.ex02UITests;
				PRODUCT_NAME = "$(TARGET_NAME)";
				SWIFT_VERSION = 4.0;
				TARGETED_DEVICE_FAMILY = "1,2";
				TEST_TARGET_NAME = ex02;
			};
			name = Release;
		};
/* End XCBuildConfiguration section */

/* Begin XCConfigurationList section */
		F73DDAB223445D8600387C02 /* Build configuration list for PBXProject "ex02" */ = {
			isa = XCConfigurationList;
			buildConfigurations = (
				F73DDADD23445D8700387C02 /* Debug */,
				F73DDADE23445D8700387C02 /* Release */,
			);
			defaultConfigurationIsVisible = 0;
			defaultConfigurationName = Release;
		};
		F73DDADF23445D8700387C02 /* Build configuration list for PBXNativeTarget "ex02" */ = {
			isa = XCConfigurationList;
			buildConfigurations = (
				F73DDAE023445D8700387C02 /* Debug */,
				F73DDAE123445D8700387C02 /* Release */,
			);
			defaultConfigurationIsVisible = 0;
			defaultConfigurationName = Release;
		};
		F73DDAE223445D8700387C02 /* Build configuration list for PBXNativeTarget "ex02Tests" */ = {
			isa = XCConfigurationList;
			buildConfigurations = (
				F73DDAE323445D8700387C02 /* Debug */,
				F73DDAE423445D8700387C02 /* Release */,
			);
			defaultConfigurationIsVisible = 0;
			defaultConfigurationName = Release;
		};
		F73DDAE523445D8700387C02 /* Build configuration list for PBXNativeTarget "ex02UITests" */ = {
			isa = XCConfigurationList;
			buildConfigurations = (
				F73DDAE623445D8700387C02 /* Debug */,
				F73DDAE723445D8700387C02 /* Release */,
			);
			defaultConfigurationIsVisible = 0;
			defaultConfigurationName = Release;
		};
/* End XCConfigurationList section */
	};
	rootObject = F73DDAAF23445D8600387C02 /* Project object */;
}
