// !$*UTF8*$!
{
	archiveVersion = 1;
	classes = {
	};
	objectVersion = 50;
	objects = {

/* Begin PBXBuildFile section */
		5E7B53212342B4AD0084D1B7 /* AppDelegate.swift in Sources */ = {isa = PBXBuildFile; fileRef = 5E7B53202342B4AC0084D1B7 /* AppDelegate.swift */; };
		5E7B53232342B4AD0084D1B7 /* ViewController.swift in Sources */ = {isa = PBXBuildFile; fileRef = 5E7B53222342B4AD0084D1B7 /* ViewController.swift */; };
		5E7B53262342B4AD0084D1B7 /* Main.storyboard in Resources */ = {isa = PBXBuildFile; fileRef = 5E7B53242342B4AD0084D1B7 /* Main.storyboard */; };
		5E7B53282342B4B00084D1B7 /* Assets.xcassets in Resources */ = {isa = PBXBuildFile; fileRef = 5E7B53272342B4B00084D1B7 /* Assets.xcassets */; };
		5E7B532B2342B4B00084D1B7 /* LaunchScreen.storyboard in Resources */ = {isa = PBXBuildFile; fileRef = 5E7B53292342B4B00084D1B7 /* LaunchScreen.storyboard */; };
		5E7B53362342B4B00084D1B7 /* ex00Tests.swift in Sources */ = {isa = PBXBuildFile; fileRef = 5E7B53352342B4B00084D1B7 /* ex00Tests.swift */; };
		5E7B53412342B4B00084D1B7 /* ex00UITests.swift in Sources */ = {isa = PBXBuildFile; fileRef = 5E7B53402342B4B00084D1B7 /* ex00UITests.swift */; };
/* End PBXBuildFile section */

/* Begin PBXContainerItemProxy section */
		5E7B53322342B4B00084D1B7 /* PBXContainerItemProxy */ = {
			isa = PBXContainerItemProxy;
			containerPortal = 5E7B53152342B4AC0084D1B7 /* Project object */;
			proxyType = 1;
			remoteGlobalIDString = 5E7B531C2342B4AC0084D1B7;
			remoteInfo = ex00;
		};
		5E7B533D2342B4B00084D1B7 /* PBXContainerItemProxy */ = {
			isa = PBXContainerItemProxy;
			containerPortal = 5E7B53152342B4AC0084D1B7 /* Project object */;
			proxyType = 1;
			remoteGlobalIDString = 5E7B531C2342B4AC0084D1B7;
			remoteInfo = ex00;
		};
/* End PBXContainerItemProxy section */

/* Begin PBXFileReference section */
		5E7B531D2342B4AC0084D1B7 /* ex00.app */ = {isa = PBXFileReference; explicitFileType = wrapper.application; includeInIndex = 0; path = ex00.app; sourceTree = BUILT_PRODUCTS_DIR; };
		5E7B53202342B4AC0084D1B7 /* AppDelegate.swift */ = {isa = PBXFileReference; lastKnownFileType = sourcecode.swift; path = AppDelegate.swift; sourceTree = "<group>"; };
		5E7B53222342B4AD0084D1B7 /* ViewController.swift */ = {isa = PBXFileReference; lastKnownFileType = sourcecode.swift; path = ViewController.swift; sourceTree = "<group>"; };
		5E7B53252342B4AD0084D1B7 /* Base */ = {isa = PBXFileReference; lastKnownFileType = file.storyboard; name = Base; path = Base.lproj/Main.storyboard; sourceTree = "<group>"; };
		5E7B53272342B4B00084D1B7 /* Assets.xcassets */ = {isa = PBXFileReference; lastKnownFileType = folder.assetcatalog; path = Assets.xcassets; sourceTree = "<group>"; };
		5E7B532A2342B4B00084D1B7 /* Base */ = {isa = PBXFileReference; lastKnownFileType = file.storyboard; name = Base; path = Base.lproj/LaunchScreen.storyboard; sourceTree = "<group>"; };
		5E7B532C2342B4B00084D1B7 /* Info.plist */ = {isa = PBXFileReference; lastKnownFileType = text.plist.xml; path = Info.plist; sourceTree = "<group>"; };
		5E7B53312342B4B00084D1B7 /* ex00Tests.xctest */ = {isa = PBXFileReference; explicitFileType = wrapper.cfbundle; includeInIndex = 0; path = ex00Tests.xctest; sourceTree = BUILT_PRODUCTS_DIR; };
		5E7B53352342B4B00084D1B7 /* ex00Tests.swift */ = {isa = PBXFileReference; lastKnownFileType = sourcecode.swift; path = ex00Tests.swift; sourceTree = "<group>"; };
		5E7B53372342B4B00084D1B7 /* Info.plist */ = {isa = PBXFileReference; lastKnownFileType = text.plist.xml; path = Info.plist; sourceTree = "<group>"; };
		5E7B533C2342B4B00084D1B7 /* ex00UITests.xctest */ = {isa = PBXFileReference; explicitFileType = wrapper.cfbundle; includeInIndex = 0; path = ex00UITests.xctest; sourceTree = BUILT_PRODUCTS_DIR; };
		5E7B53402342B4B00084D1B7 /* ex00UITests.swift */ = {isa = PBXFileReference; lastKnownFileType = sourcecode.swift; path = ex00UITests.swift; sourceTree = "<group>"; };
		5E7B53422342B4B00084D1B7 /* Info.plist */ = {isa = PBXFileReference; lastKnownFileType = text.plist.xml; path = Info.plist; sourceTree = "<group>"; };
/* End PBXFileReference section */

/* Begin PBXFrameworksBuildPhase section */
		5E7B531A2342B4AC0084D1B7 /* Frameworks */ = {
			isa = PBXFrameworksBuildPhase;
			buildActionMask = 2147483647;
			files = (
			);
			runOnlyForDeploymentPostprocessing = 0;
		};
		5E7B532E2342B4B00084D1B7 /* Frameworks */ = {
			isa = PBXFrameworksBuildPhase;
			buildActionMask = 2147483647;
			files = (
			);
			runOnlyForDeploymentPostprocessing = 0;
		};
		5E7B53392342B4B00084D1B7 /* Frameworks */ = {
			isa = PBXFrameworksBuildPhase;
			buildActionMask = 2147483647;
			files = (
			);
			runOnlyForDeploymentPostprocessing = 0;
		};
/* End PBXFrameworksBuildPhase section */

/* Begin PBXGroup section */
		5E7B53142342B4AC0084D1B7 = {
			isa = PBXGroup;
			children = (
				5E7B531F2342B4AC0084D1B7 /* ex00 */,
				5E7B53342342B4B00084D1B7 /* ex00Tests */,
				5E7B533F2342B4B00084D1B7 /* ex00UITests */,
				5E7B531E2342B4AC0084D1B7 /* Products */,
			);
			sourceTree = "<group>";
		};
		5E7B531E2342B4AC0084D1B7 /* Products */ = {
			isa = PBXGroup;
			children = (
				5E7B531D2342B4AC0084D1B7 /* ex00.app */,
				5E7B53312342B4B00084D1B7 /* ex00Tests.xctest */,
				5E7B533C2342B4B00084D1B7 /* ex00UITests.xctest */,
			);
			name = Products;
			sourceTree = "<group>";
		};
		5E7B531F2342B4AC0084D1B7 /* ex00 */ = {
			isa = PBXGroup;
			children = (
				5E7B53202342B4AC0084D1B7 /* AppDelegate.swift */,
				5E7B53222342B4AD0084D1B7 /* ViewController.swift */,
				5E7B53242342B4AD0084D1B7 /* Main.storyboard */,
				5E7B53272342B4B00084D1B7 /* Assets.xcassets */,
				5E7B53292342B4B00084D1B7 /* LaunchScreen.storyboard */,
				5E7B532C2342B4B00084D1B7 /* Info.plist */,
			);
			path = ex00;
			sourceTree = "<group>";
		};
		5E7B53342342B4B00084D1B7 /* ex00Tests */ = {
			isa = PBXGroup;
			children = (
				5E7B53352342B4B00084D1B7 /* ex00Tests.swift */,
				5E7B53372342B4B00084D1B7 /* Info.plist */,
			);
			path = ex00Tests;
			sourceTree = "<group>";
		};
		5E7B533F2342B4B00084D1B7 /* ex00UITests */ = {
			isa = PBXGroup;
			children = (
				5E7B53402342B4B00084D1B7 /* ex00UITests.swift */,
				5E7B53422342B4B00084D1B7 /* Info.plist */,
			);
			path = ex00UITests;
			sourceTree = "<group>";
		};
/* End PBXGroup section */

/* Begin PBXNativeTarget section */
		5E7B531C2342B4AC0084D1B7 /* ex00 */ = {
			isa = PBXNativeTarget;
			buildConfigurationList = 5E7B53452342B4B00084D1B7 /* Build configuration list for PBXNativeTarget "ex00" */;
			buildPhases = (
				5E7B53192342B4AC0084D1B7 /* Sources */,
				5E7B531A2342B4AC0084D1B7 /* Frameworks */,
				5E7B531B2342B4AC0084D1B7 /* Resources */,
			);
			buildRules = (
			);
			dependencies = (
			);
			name = ex00;
			productName = ex00;
			productReference = 5E7B531D2342B4AC0084D1B7 /* ex00.app */;
			productType = "com.apple.product-type.application";
		};
		5E7B53302342B4B00084D1B7 /* ex00Tests */ = {
			isa = PBXNativeTarget;
			buildConfigurationList = 5E7B53482342B4B00084D1B7 /* Build configuration list for PBXNativeTarget "ex00Tests" */;
			buildPhases = (
				5E7B532D2342B4B00084D1B7 /* Sources */,
				5E7B532E2342B4B00084D1B7 /* Frameworks */,
				5E7B532F2342B4B00084D1B7 /* Resources */,
			);
			buildRules = (
			);
			dependencies = (
				5E7B53332342B4B00084D1B7 /* PBXTargetDependency */,
			);
			name = ex00Tests;
			productName = ex00Tests;
			productReference = 5E7B53312342B4B00084D1B7 /* ex00Tests.xctest */;
			productType = "com.apple.product-type.bundle.unit-test";
		};
		5E7B533B2342B4B00084D1B7 /* ex00UITests */ = {
			isa = PBXNativeTarget;
			buildConfigurationList = 5E7B534B2342B4B00084D1B7 /* Build configuration list for PBXNativeTarget "ex00UITests" */;
			buildPhases = (
				5E7B53382342B4B00084D1B7 /* Sources */,
				5E7B53392342B4B00084D1B7 /* Frameworks */,
				5E7B533A2342B4B00084D1B7 /* Resources */,
			);
			buildRules = (
			);
			dependencies = (
				5E7B533E2342B4B00084D1B7 /* PBXTargetDependency */,
			);
			name = ex00UITests;
			productName = ex00UITests;
			productReference = 5E7B533C2342B4B00084D1B7 /* ex00UITests.xctest */;
			productType = "com.apple.product-type.bundle.ui-testing";
		};
/* End PBXNativeTarget section */

/* Begin PBXProject section */
		5E7B53152342B4AC0084D1B7 /* Project object */ = {
			isa = PBXProject;
			attributes = {
				LastSwiftUpdateCheck = 0940;
				LastUpgradeCheck = 0940;
				ORGANIZATIONNAME = XcodePiscine;
				TargetAttributes = {
					5E7B531C2342B4AC0084D1B7 = {
						CreatedOnToolsVersion = 9.4.1;
					};
					5E7B53302342B4B00084D1B7 = {
						CreatedOnToolsVersion = 9.4.1;
						TestTargetID = 5E7B531C2342B4AC0084D1B7;
					};
					5E7B533B2342B4B00084D1B7 = {
						CreatedOnToolsVersion = 9.4.1;
						TestTargetID = 5E7B531C2342B4AC0084D1B7;
					};
				};
			};
			buildConfigurationList = 5E7B53182342B4AC0084D1B7 /* Build configuration list for PBXProject "ex00" */;
			compatibilityVersion = "Xcode 9.3";
			developmentRegion = en;
			hasScannedForEncodings = 0;
			knownRegions = (
				en,
				Base,
			);
			mainGroup = 5E7B53142342B4AC0084D1B7;
			productRefGroup = 5E7B531E2342B4AC0084D1B7 /* Products */;
			projectDirPath = "";
			projectRoot = "";
			targets = (
				5E7B531C2342B4AC0084D1B7 /* ex00 */,
				5E7B53302342B4B00084D1B7 /* ex00Tests */,
				5E7B533B2342B4B00084D1B7 /* ex00UITests */,
			);
		};
/* End PBXProject section */

/* Begin PBXResourcesBuildPhase section */
		5E7B531B2342B4AC0084D1B7 /* Resources */ = {
			isa = PBXResourcesBuildPhase;
			buildActionMask = 2147483647;
			files = (
				5E7B532B2342B4B00084D1B7 /* LaunchScreen.storyboard in Resources */,
				5E7B53282342B4B00084D1B7 /* Assets.xcassets in Resources */,
				5E7B53262342B4AD0084D1B7 /* Main.storyboard in Resources */,
			);
			runOnlyForDeploymentPostprocessing = 0;
		};
		5E7B532F2342B4B00084D1B7 /* Resources */ = {
			isa = PBXResourcesBuildPhase;
			buildActionMask = 2147483647;
			files = (
			);
			runOnlyForDeploymentPostprocessing = 0;
		};
		5E7B533A2342B4B00084D1B7 /* Resources */ = {
			isa = PBXResourcesBuildPhase;
			buildActionMask = 2147483647;
			files = (
			);
			runOnlyForDeploymentPostprocessing = 0;
		};
/* End PBXResourcesBuildPhase section */

/* Begin PBXSourcesBuildPhase section */
		5E7B53192342B4AC0084D1B7 /* Sources */ = {
			isa = PBXSourcesBuildPhase;
			buildActionMask = 2147483647;
			files = (
				5E7B53232342B4AD0084D1B7 /* ViewController.swift in Sources */,
				5E7B53212342B4AD0084D1B7 /* AppDelegate.swift in Sources */,
			);
			runOnlyForDeploymentPostprocessing = 0;
		};
		5E7B532D2342B4B00084D1B7 /* Sources */ = {
			isa = PBXSourcesBuildPhase;
			buildActionMask = 2147483647;
			files = (
				5E7B53362342B4B00084D1B7 /* ex00Tests.swift in Sources */,
			);
			runOnlyForDeploymentPostprocessing = 0;
		};
		5E7B53382342B4B00084D1B7 /* Sources */ = {
			isa = PBXSourcesBuildPhase;
			buildActionMask = 2147483647;
			files = (
				5E7B53412342B4B00084D1B7 /* ex00UITests.swift in Sources */,
			);
			runOnlyForDeploymentPostprocessing = 0;
		};
/* End PBXSourcesBuildPhase section */

/* Begin PBXTargetDependency section */
		5E7B53332342B4B00084D1B7 /* PBXTargetDependency */ = {
			isa = PBXTargetDependency;
			target = 5E7B531C2342B4AC0084D1B7 /* ex00 */;
			targetProxy = 5E7B53322342B4B00084D1B7 /* PBXContainerItemProxy */;
		};
		5E7B533E2342B4B00084D1B7 /* PBXTargetDependency */ = {
			isa = PBXTargetDependency;
			target = 5E7B531C2342B4AC0084D1B7 /* ex00 */;
			targetProxy = 5E7B533D2342B4B00084D1B7 /* PBXContainerItemProxy */;
		};
/* End PBXTargetDependency section */

/* Begin PBXVariantGroup section */
		5E7B53242342B4AD0084D1B7 /* Main.storyboard */ = {
			isa = PBXVariantGroup;
			children = (
				5E7B53252342B4AD0084D1B7 /* Base */,
			);
			name = Main.storyboard;
			sourceTree = "<group>";
		};
		5E7B53292342B4B00084D1B7 /* LaunchScreen.storyboard */ = {
			isa = PBXVariantGroup;
			children = (
				5E7B532A2342B4B00084D1B7 /* Base */,
			);
			name = LaunchScreen.storyboard;
			sourceTree = "<group>";
		};
/* End PBXVariantGroup section */

/* Begin XCBuildConfiguration section */
		5E7B53432342B4B00084D1B7 /* Debug */ = {
			isa = XCBuildConfiguration;
			buildSettings = {
				ALWAYS_SEARCH_USER_PATHS = NO;
				CLANG_ANALYZER_NONNULL = YES;
				CLANG_ANALYZER_NUMBER_OBJECT_CONVERSION = YES_AGGRESSIVE;
				CLANG_CXX_LANGUAGE_STANDARD = "gnu++14";
				CLANG_CXX_LIBRARY = "libc++";
				CLANG_ENABLE_MODULES = YES;
				CLANG_ENABLE_OBJC_ARC = YES;
				CLANG_ENABLE_OBJC_WEAK = YES;
				CLANG_WARN_BLOCK_CAPTURE_AUTORELEASING = YES;
				CLANG_WARN_BOOL_CONVERSION = YES;
				CLANG_WARN_COMMA = YES;
				CLANG_WARN_CONSTANT_CONVERSION = YES;
				CLANG_WARN_DEPRECATED_OBJC_IMPLEMENTATIONS = YES;
				CLANG_WARN_DIRECT_OBJC_ISA_USAGE = YES_ERROR;
				CLANG_WARN_DOCUMENTATION_COMMENTS = YES;
				CLANG_WARN_EMPTY_BODY = YES;
				CLANG_WARN_ENUM_CONVERSION = YES;
				CLANG_WARN_INFINITE_RECURSION = YES;
				CLANG_WARN_INT_CONVERSION = YES;
				CLANG_WARN_NON_LITERAL_NULL_CONVERSION = YES;
				CLANG_WARN_OBJC_IMPLICIT_RETAIN_SELF = YES;
				CLANG_WARN_OBJC_LITERAL_CONVERSION = YES;
				CLANG_WARN_OBJC_ROOT_CLASS = YES_ERROR;
				CLANG_WARN_RANGE_LOOP_ANALYSIS = YES;
				CLANG_WARN_STRICT_PROTOTYPES = YES;
				CLANG_WARN_SUSPICIOUS_MOVE = YES;
				CLANG_WARN_UNGUARDED_AVAILABILITY = YES_AGGRESSIVE;
				CLANG_WARN_UNREACHABLE_CODE = YES;
				CLANG_WARN__DUPLICATE_METHOD_MATCH = YES;
				CODE_SIGN_IDENTITY = "iPhone Developer";
				COPY_PHASE_STRIP = NO;
				DEBUG_INFORMATION_FORMAT = dwarf;
				ENABLE_STRICT_OBJC_MSGSEND = YES;
				ENABLE_TESTABILITY = YES;
				GCC_C_LANGUAGE_STANDARD = gnu11;
				GCC_DYNAMIC_NO_PIC = NO;
				GCC_NO_COMMON_BLOCKS = YES;
				GCC_OPTIMIZATION_LEVEL = 0;
				GCC_PREPROCESSOR_DEFINITIONS = (
					"DEBUG=1",
					"$(inherited)",
				);
				GCC_WARN_64_TO_32_BIT_CONVERSION = YES;
				GCC_WARN_ABOUT_RETURN_TYPE = YES_ERROR;
				GCC_WARN_UNDECLARED_SELECTOR = YES;
				GCC_WARN_UNINITIALIZED_AUTOS = YES_AGGRESSIVE;
				GCC_WARN_UNUSED_FUNCTION = YES;
				GCC_WARN_UNUSED_VARIABLE = YES;
				IPHONEOS_DEPLOYMENT_TARGET = 11.4;
				MTL_ENABLE_DEBUG_INFO = YES;
				ONLY_ACTIVE_ARCH = YES;
				SDKROOT = iphoneos;
				SWIFT_ACTIVE_COMPILATION_CONDITIONS = DEBUG;
				SWIFT_OPTIMIZATION_LEVEL = "-Onone";
			};
			name = Debug;
		};
		5E7B53442342B4B00084D1B7 /* Release */ = {
			isa = XCBuildConfiguration;
			buildSettings = {
				ALWAYS_SEARCH_USER_PATHS = NO;
				CLANG_ANALYZER_NONNULL = YES;
				CLANG_ANALYZER_NUMBER_OBJECT_CONVERSION = YES_AGGRESSIVE;
				CLANG_CXX_LANGUAGE_STANDARD = "gnu++14";
				CLANG_CXX_LIBRARY = "libc++";
				CLANG_ENABLE_MODULES = YES;
				CLANG_ENABLE_OBJC_ARC = YES;
				CLANG_ENABLE_OBJC_WEAK = YES;
				CLANG_WARN_BLOCK_CAPTURE_AUTORELEASING = YES;
				CLANG_WARN_BOOL_CONVERSION = YES;
				CLANG_WARN_COMMA = YES;
				CLANG_WARN_CONSTANT_CONVERSION = YES;
				CLANG_WARN_DEPRECATED_OBJC_IMPLEMENTATIONS = YES;
				CLANG_WARN_DIRECT_OBJC_ISA_USAGE = YES_ERROR;
				CLANG_WARN_DOCUMENTATION_COMMENTS = YES;
				CLANG_WARN_EMPTY_BODY = YES;
				CLANG_WARN_ENUM_CONVERSION = YES;
				CLANG_WARN_INFINITE_RECURSION = YES;
				CLANG_WARN_INT_CONVERSION = YES;
				CLANG_WARN_NON_LITERAL_NULL_CONVERSION = YES;
				CLANG_WARN_OBJC_IMPLICIT_RETAIN_SELF = YES;
				CLANG_WARN_OBJC_LITERAL_CONVERSION = YES;
				CLANG_WARN_OBJC_ROOT_CLASS = YES_ERROR;
				CLANG_WARN_RANGE_LOOP_ANALYSIS = YES;
				CLANG_WARN_STRICT_PROTOTYPES = YES;
				CLANG_WARN_SUSPICIOUS_MOVE = YES;
				CLANG_WARN_UNGUARDED_AVAILABILITY = YES_AGGRESSIVE;
				CLANG_WARN_UNREACHABLE_CODE = YES;
				CLANG_WARN__DUPLICATE_METHOD_MATCH = YES;
				CODE_SIGN_IDENTITY = "iPhone Developer";
				COPY_PHASE_STRIP = NO;
				DEBUG_INFORMATION_FORMAT = "dwarf-with-dsym";
				ENABLE_NS_ASSERTIONS = NO;
				ENABLE_STRICT_OBJC_MSGSEND = YES;
				GCC_C_LANGUAGE_STANDARD = gnu11;
				GCC_NO_COMMON_BLOCKS = YES;
				GCC_WARN_64_TO_32_BIT_CONVERSION = YES;
				GCC_WARN_ABOUT_RETURN_TYPE = YES_ERROR;
				GCC_WARN_UNDECLARED_SELECTOR = YES;
				GCC_WARN_UNINITIALIZED_AUTOS = YES_AGGRESSIVE;
				GCC_WARN_UNUSED_FUNCTION = YES;
				GCC_WARN_UNUSED_VARIABLE = YES;
				IPHONEOS_DEPLOYMENT_TARGET = 11.4;
				MTL_ENABLE_DEBUG_INFO = NO;
				SDKROOT = iphoneos;
				SWIFT_COMPILATION_MODE = wholemodule;
				SWIFT_OPTIMIZATION_LEVEL = "-O";
				VALIDATE_PRODUCT = YES;
			};
			name = Release;
		};
		5E7B53462342B4B00084D1B7 /* Debug */ = {
			isa = XCBuildConfiguration;
			buildSettings = {
				ASSETCATALOG_COMPILER_APPICON_NAME = AppIcon;
				CODE_SIGN_STYLE = Automatic;
				INFOPLIST_FILE = ex00/Info.plist;
				LD_RUNPATH_SEARCH_PATHS = (
					"$(inherited)",
					"@executable_path/Frameworks",
				);
				PRODUCT_BUNDLE_IDENTIFIER = com.XcodePiscine.ex00;
				PRODUCT_NAME = "$(TARGET_NAME)";
				SWIFT_VERSION = 4.0;
				TARGETED_DEVICE_FAMILY = "1,2";
			};
			name = Debug;
		};
		5E7B53472342B4B00084D1B7 /* Release */ = {
			isa = XCBuildConfiguration;
			buildSettings = {
				ASSETCATALOG_COMPILER_APPICON_NAME = AppIcon;
				CODE_SIGN_STYLE = Automatic;
				INFOPLIST_FILE = ex00/Info.plist;
				LD_RUNPATH_SEARCH_PATHS = (
					"$(inherited)",
					"@executable_path/Frameworks",
				);
				PRODUCT_BUNDLE_IDENTIFIER = com.XcodePiscine.ex00;
				PRODUCT_NAME = "$(TARGET_NAME)";
				SWIFT_VERSION = 4.0;
				TARGETED_DEVICE_FAMILY = "1,2";
			};
			name = Release;
		};
		5E7B53492342B4B00084D1B7 /* Debug */ = {
			isa = XCBuildConfiguration;
			buildSettings = {
				ALWAYS_EMBED_SWIFT_STANDARD_LIBRARIES = YES;
				BUNDLE_LOADER = "$(TEST_HOST)";
				CODE_SIGN_STYLE = Automatic;
				INFOPLIST_FILE = ex00Tests/Info.plist;
				LD_RUNPATH_SEARCH_PATHS = (
					"$(inherited)",
					"@executable_path/Frameworks",
					"@loader_path/Frameworks",
				);
				PRODUCT_BUNDLE_IDENTIFIER = com.XcodePiscine.ex00Tests;
				PRODUCT_NAME = "$(TARGET_NAME)";
				SWIFT_VERSION = 4.0;
				TARGETED_DEVICE_FAMILY = "1,2";
				TEST_HOST = "$(BUILT_PRODUCTS_DIR)/ex00.app/ex00";
			};
			name = Debug;
		};
		5E7B534A2342B4B00084D1B7 /* Release */ = {
			isa = XCBuildConfiguration;
			buildSettings = {
				ALWAYS_EMBED_SWIFT_STANDARD_LIBRARIES = YES;
				BUNDLE_LOADER = "$(TEST_HOST)";
				CODE_SIGN_STYLE = Automatic;
				INFOPLIST_FILE = ex00Tests/Info.plist;
				LD_RUNPATH_SEARCH_PATHS = (
					"$(inherited)",
					"@executable_path/Frameworks",
					"@loader_path/Frameworks",
				);
				PRODUCT_BUNDLE_IDENTIFIER = com.XcodePiscine.ex00Tests;
				PRODUCT_NAME = "$(TARGET_NAME)";
				SWIFT_VERSION = 4.0;
				TARGETED_DEVICE_FAMILY = "1,2";
				TEST_HOST = "$(BUILT_PRODUCTS_DIR)/ex00.app/ex00";
			};
			name = Release;
		};
		5E7B534C2342B4B00084D1B7 /* Debug */ = {
			isa = XCBuildConfiguration;
			buildSettings = {
				ALWAYS_EMBED_SWIFT_STANDARD_LIBRARIES = YES;
				CODE_SIGN_STYLE = Automatic;
				INFOPLIST_FILE = ex00UITests/Info.plist;
				LD_RUNPATH_SEARCH_PATHS = (
					"$(inherited)",
					"@executable_path/Frameworks",
					"@loader_path/Frameworks",
				);
				PRODUCT_BUNDLE_IDENTIFIER = com.XcodePiscine.ex00UITests;
				PRODUCT_NAME = "$(TARGET_NAME)";
				SWIFT_VERSION = 4.0;
				TARGETED_DEVICE_FAMILY = "1,2";
				TEST_TARGET_NAME = ex00;
			};
			name = Debug;
		};
		5E7B534D2342B4B00084D1B7 /* Release */ = {
			isa = XCBuildConfiguration;
			buildSettings = {
				ALWAYS_EMBED_SWIFT_STANDARD_LIBRARIES = YES;
				CODE_SIGN_STYLE = Automatic;
				INFOPLIST_FILE = ex00UITests/Info.plist;
				LD_RUNPATH_SEARCH_PATHS = (
					"$(inherited)",
					"@executable_path/Frameworks",
					"@loader_path/Frameworks",
				);
				PRODUCT_BUNDLE_IDENTIFIER = com.XcodePiscine.ex00UITests;
				PRODUCT_NAME = "$(TARGET_NAME)";
				SWIFT_VERSION = 4.0;
				TARGETED_DEVICE_FAMILY = "1,2";
				TEST_TARGET_NAME = ex00;
			};
			name = Release;
		};
/* End XCBuildConfiguration section */

/* Begin XCConfigurationList section */
		5E7B53182342B4AC0084D1B7 /* Build configuration list for PBXProject "ex00" */ = {
			isa = XCConfigurationList;
			buildConfigurations = (
				5E7B53432342B4B00084D1B7 /* Debug */,
				5E7B53442342B4B00084D1B7 /* Release */,
			);
			defaultConfigurationIsVisible = 0;
			defaultConfigurationName = Release;
		};
		5E7B53452342B4B00084D1B7 /* Build configuration list for PBXNativeTarget "ex00" */ = {
			isa = XCConfigurationList;
			buildConfigurations = (
				5E7B53462342B4B00084D1B7 /* Debug */,
				5E7B53472342B4B00084D1B7 /* Release */,
			);
			defaultConfigurationIsVisible = 0;
			defaultConfigurationName = Release;
		};
		5E7B53482342B4B00084D1B7 /* Build configuration list for PBXNativeTarget "ex00Tests" */ = {
			isa = XCConfigurationList;
			buildConfigurations = (
				5E7B53492342B4B00084D1B7 /* Debug */,
				5E7B534A2342B4B00084D1B7 /* Release */,
			);
			defaultConfigurationIsVisible = 0;
			defaultConfigurationName = Release;
		};
		5E7B534B2342B4B00084D1B7 /* Build configuration list for PBXNativeTarget "ex00UITests" */ = {
			isa = XCConfigurationList;
			buildConfigurations = (
				5E7B534C2342B4B00084D1B7 /* Debug */,
				5E7B534D2342B4B00084D1B7 /* Release */,
			);
			defaultConfigurationIsVisible = 0;
			defaultConfigurationName = Release;
		};
/* End XCConfigurationList section */
	};
	rootObject = 5E7B53152342B4AC0084D1B7 /* Project object */;
}
